
Microsoft Visual Studio Solution File, Format Version 12.00
# Visual Studio Version 16
VisualStudioVersion = 16.0.29911.84
MinimumVisualStudioVersion = 10.0.40219.1
Project("{9A19103F-16F7-4668-BE54-9A1E7A4F7556}") = "One1Lion.Samples.SharedLib", "One1Lion.Samples.SharedLib\One1Lion.Samples.SharedLib.csproj", "{E1412B55-60FA-4AAE-8A8F-321F9DFF3D9F}"
EndProject
Project("{FAE04EC0-301F-11D3-BF4B-00C04F79EFBC}") = "One1Lion.CameraView", "One1Lion.CameraView\One1Lion.CameraView.csproj", "{9151CFCF-18F9-4398-BD4E-ADE661B49C69}"
EndProject
Project("{FAE04EC0-301F-11D3-BF4B-00C04F79EFBC}") = "One1Lion.Card", "One1Lion.Card\One1Lion.Card.csproj", "{D31929AA-ED86-48E8-BE9E-3826AE82A22A}"
EndProject
Project("{FAE04EC0-301F-11D3-BF4B-00C04F79EFBC}") = "One1Lion.Dialog", "One1Lion.Dialog\One1Lion.Dialog.csproj", "{344D54FA-9FF9-4303-AAEC-6837429818D5}"
EndProject
Project("{FAE04EC0-301F-11D3-BF4B-00C04F79EFBC}") = "One1Lion.DockableToolbar", "One1Lion.DockableToolbar\One1Lion.DockableToolbar.csproj", "{F07F451A-BA08-4728-96E7-36C64B61B793}"
EndProject
Project("{FAE04EC0-301F-11D3-BF4B-00C04F79EFBC}") = "One1Lion.DragAndDrop", "One1Lion.DragAndDrop\One1Lion.DragAndDrop.csproj", "{9D494733-1AFE-483B-BC4C-905FE4DEA397}"
EndProject
Project("{FAE04EC0-301F-11D3-BF4B-00C04F79EFBC}") = "One1Lion.Loader", "One1Lion.Loader\One1Lion.Loader.csproj", "{F3F842C6-AD3B-4F6B-9931-CCD4EC7868F2}"
EndProject
Project("{FAE04EC0-301F-11D3-BF4B-00C04F79EFBC}") = "One1Lion.Shared", "One1Lion.Shared\One1Lion.Shared.csproj", "{EF69050B-DB33-49ED-AC1B-A327A2996704}"
EndProject
Project("{FAE04EC0-301F-11D3-BF4B-00C04F79EFBC}") = "One1Lion.SliderButton", "One1Lion.SliderButton\One1Lion.SliderButton.csproj", "{CEE787F4-777D-4064-9FF5-6152C1BDD207}"
EndProject
Project("{FAE04EC0-301F-11D3-BF4B-00C04F79EFBC}") = "One1Lion.Toaster", "One1Lion.Toaster\One1Lion.Toaster.csproj", "{B1EA0426-8154-4434-A2D9-927A45590A02}"
EndProject
Project("{FAE04EC0-301F-11D3-BF4B-00C04F79EFBC}") = "One1Lion.TypeAhead", "One1Lion.TypeAhead\One1Lion.TypeAhead.csproj", "{6577EA49-8A3E-4184-AD56-7AF4A0106F90}"
EndProject
Project("{FAE04EC0-301F-11D3-BF4B-00C04F79EFBC}") = "One1Lion.Samples", "One1Lion.Samples\One1Lion.Samples.csproj", "{9F79256C-C9F8-45BB-948E-5CA935AC5DD3}"
EndProject
Project("{FAE04EC0-301F-11D3-BF4B-00C04F79EFBC}") = "One1Lion.BlazorLib", "One1Lion.BlazorLib\One1Lion.BlazorLib.csproj", "{53461E88-5734-4036-985D-6BC913EAA3B4}"
EndProject
Global
	GlobalSection(SolutionConfigurationPlatforms) = preSolution
		Debug|Any CPU = Debug|Any CPU
		Release|Any CPU = Release|Any CPU
	EndGlobalSection
	GlobalSection(ProjectConfigurationPlatforms) = postSolution
		{E1412B55-60FA-4AAE-8A8F-321F9DFF3D9F}.Debug|Any CPU.ActiveCfg = Debug|Any CPU
		{E1412B55-60FA-4AAE-8A8F-321F9DFF3D9F}.Debug|Any CPU.Build.0 = Debug|Any CPU
		{E1412B55-60FA-4AAE-8A8F-321F9DFF3D9F}.Release|Any CPU.ActiveCfg = Release|Any CPU
		{E1412B55-60FA-4AAE-8A8F-321F9DFF3D9F}.Release|Any CPU.Build.0 = Release|Any CPU
		{9151CFCF-18F9-4398-BD4E-ADE661B49C69}.Debug|Any CPU.ActiveCfg = Debug|Any CPU
		{9151CFCF-18F9-4398-BD4E-ADE661B49C69}.Debug|Any CPU.Build.0 = Debug|Any CPU
		{9151CFCF-18F9-4398-BD4E-ADE661B49C69}.Release|Any CPU.ActiveCfg = Release|Any CPU
		{9151CFCF-18F9-4398-BD4E-ADE661B49C69}.Release|Any CPU.Build.0 = Release|Any CPU
		{D31929AA-ED86-48E8-BE9E-3826AE82A22A}.Debug|Any CPU.ActiveCfg = Debug|Any CPU
		{D31929AA-ED86-48E8-BE9E-3826AE82A22A}.Debug|Any CPU.Build.0 = Debug|Any CPU
		{D31929AA-ED86-48E8-BE9E-3826AE82A22A}.Release|Any CPU.ActiveCfg = Release|Any CPU
		{D31929AA-ED86-48E8-BE9E-3826AE82A22A}.Release|Any CPU.Build.0 = Release|Any CPU
		{344D54FA-9FF9-4303-AAEC-6837429818D5}.Debug|Any CPU.ActiveCfg = Debug|Any CPU
		{344D54FA-9FF9-4303-AAEC-6837429818D5}.Debug|Any CPU.Build.0 = Debug|Any CPU
		{344D54FA-9FF9-4303-AAEC-6837429818D5}.Release|Any CPU.ActiveCfg = Release|Any CPU
		{344D54FA-9FF9-4303-AAEC-6837429818D5}.Release|Any CPU.Build.0 = Release|Any CPU
		{F07F451A-BA08-4728-96E7-36C64B61B793}.Debug|Any CPU.ActiveCfg = Debug|Any CPU
		{F07F451A-BA08-4728-96E7-36C64B61B793}.Debug|Any CPU.Build.0 = Debug|Any CPU
		{F07F451A-BA08-4728-96E7-36C64B61B793}.Release|Any CPU.ActiveCfg = Release|Any CPU
		{F07F451A-BA08-4728-96E7-36C64B61B793}.Release|Any CPU.Build.0 = Release|Any CPU
		{9D494733-1AFE-483B-BC4C-905FE4DEA397}.Debug|Any CPU.ActiveCfg = Debug|Any CPU
		{9D494733-1AFE-483B-BC4C-905FE4DEA397}.Debug|Any CPU.Build.0 = Debug|Any CPU
		{9D494733-1AFE-483B-BC4C-905FE4DEA397}.Release|Any CPU.ActiveCfg = Release|Any CPU
		{9D494733-1AFE-483B-BC4C-905FE4DEA397}.Release|Any CPU.Build.0 = Release|Any CPU
		{F3F842C6-AD3B-4F6B-9931-CCD4EC7868F2}.Debug|Any CPU.ActiveCfg = Debug|Any CPU
		{F3F842C6-AD3B-4F6B-9931-CCD4EC7868F2}.Debug|Any CPU.Build.0 = Debug|Any CPU
		{F3F842C6-AD3B-4F6B-9931-CCD4EC7868F2}.Release|Any CPU.ActiveCfg = Release|Any CPU
		{F3F842C6-AD3B-4F6B-9931-CCD4EC7868F2}.Release|Any CPU.Build.0 = Release|Any CPU
		{EF69050B-DB33-49ED-AC1B-A327A2996704}.Debug|Any CPU.ActiveCfg = Debug|Any CPU
		{EF69050B-DB33-49ED-AC1B-A327A2996704}.Debug|Any CPU.Build.0 = Debug|Any CPU
		{EF69050B-DB33-49ED-AC1B-A327A2996704}.Release|Any CPU.ActiveCfg = Release|Any CPU
		{EF69050B-DB33-49ED-AC1B-A327A2996704}.Release|Any CPU.Build.0 = Release|Any CPU
		{CEE787F4-777D-4064-9FF5-6152C1BDD207}.Debug|Any CPU.ActiveCfg = Debug|Any CPU
		{CEE787F4-777D-4064-9FF5-6152C1BDD207}.Debug|Any CPU.Build.0 = Debug|Any CPU
		{CEE787F4-777D-4064-9FF5-6152C1BDD207}.Release|Any CPU.ActiveCfg = Release|Any CPU
		{CEE787F4-777D-4064-9FF5-6152C1BDD207}.Release|Any CPU.Build.0 = Release|Any CPU
		{B1EA0426-8154-4434-A2D9-927A45590A02}.Debug|Any CPU.ActiveCfg = Debug|Any CPU
		{B1EA0426-8154-4434-A2D9-927A45590A02}.Debug|Any CPU.Build.0 = Debug|Any CPU
		{B1EA0426-8154-4434-A2D9-927A45590A02}.Release|Any CPU.ActiveCfg = Release|Any CPU
		{B1EA0426-8154-4434-A2D9-927A45590A02}.Release|Any CPU.Build.0 = Release|Any CPU
		{6577EA49-8A3E-4184-AD56-7AF4A0106F90}.Debug|Any CPU.ActiveCfg = Debug|Any CPU
		{6577EA49-8A3E-4184-AD56-7AF4A0106F90}.Debug|Any CPU.Build.0 = Debug|Any CPU
		{6577EA49-8A3E-4184-AD56-7AF4A0106F90}.Release|Any CPU.ActiveCfg = Release|Any CPU
		{6577EA49-8A3E-4184-AD56-7AF4A0106F90}.Release|Any CPU.Build.0 = Release|Any CPU
		{9F79256C-C9F8-45BB-948E-5CA935AC5DD3}.Debug|Any CPU.ActiveCfg = Debug|Any CPU
		{9F79256C-C9F8-45BB-948E-5CA935AC5DD3}.Debug|Any CPU.Build.0 = Debug|Any CPU
		{9F79256C-C9F8-45BB-948E-5CA935AC5DD3}.Release|Any CPU.ActiveCfg = Release|Any CPU
		{9F79256C-C9F8-45BB-948E-5CA935AC5DD3}.Release|Any CPU.Build.0 = Release|Any CPU
		{53461E88-5734-4036-985D-6BC913EAA3B4}.Debug|Any CPU.ActiveCfg = Debug|Any CPU
		{53461E88-5734-4036-985D-6BC913EAA3B4}.Debug|Any CPU.Build.0 = Debug|Any CPU
		{53461E88-5734-4036-985D-6BC913EAA3B4}.Release|Any CPU.ActiveCfg = Release|Any CPU
		{53461E88-5734-4036-985D-6BC913EAA3B4}.Release|Any CPU.Build.0 = Release|Any CPU
	EndGlobalSection
	GlobalSection(SolutionProperties) = preSolution
		HideSolutionNode = FALSE
	EndGlobalSection
	GlobalSection(ExtensibilityGlobals) = postSolution
		SolutionGuid = {CB32B720-7896-4E98-A6F2-79957B2A10E6}
	EndGlobalSection
EndGlobal
