
Microsoft Visual Studio Solution File, Format Version 12.00
# Visual Studio Version 17
VisualStudioVersion = 17.3.32505.426
MinimumVisualStudioVersion = 10.0.40219.1
Project("{9A19103F-16F7-4668-BE54-9A1E7A4F7556}") = "One1Lion.Samples.SharedLib", "One1Lion.Samples.SharedLib\One1Lion.Samples.SharedLib.csproj", "{E1412B55-60FA-4AAE-8A8F-321F9DFF3D9F}"
EndProject
Project("{9A19103F-16F7-4668-BE54-9A1E7A4F7556}") = "One1Lion.CameraView", "One1Lion.CameraView\One1Lion.CameraView.csproj", "{9151CFCF-18F9-4398-BD4E-ADE661B49C69}"
EndProject
Project("{9A19103F-16F7-4668-BE54-9A1E7A4F7556}") = "One1Lion.Card", "One1Lion.Card\One1Lion.Card.csproj", "{D31929AA-ED86-48E8-BE9E-3826AE82A22A}"
EndProject
Project("{9A19103F-16F7-4668-BE54-9A1E7A4F7556}") = "One1Lion.Dialog", "One1Lion.Dialog\One1Lion.Dialog.csproj", "{344D54FA-9FF9-4303-AAEC-6837429818D5}"
EndProject
Project("{9A19103F-16F7-4668-BE54-9A1E7A4F7556}") = "One1Lion.DockableToolbar", "One1Lion.DockableToolbar\One1Lion.DockableToolbar.csproj", "{F07F451A-BA08-4728-96E7-36C64B61B793}"
EndProject
Project("{9A19103F-16F7-4668-BE54-9A1E7A4F7556}") = "One1Lion.DragAndDrop", "One1Lion.DragAndDrop\One1Lion.DragAndDrop.csproj", "{9D494733-1AFE-483B-BC4C-905FE4DEA397}"
EndProject
Project("{9A19103F-16F7-4668-BE54-9A1E7A4F7556}") = "One1Lion.Loader", "One1Lion.Loader\One1Lion.Loader.csproj", "{F3F842C6-AD3B-4F6B-9931-CCD4EC7868F2}"
EndProject
Project("{9A19103F-16F7-4668-BE54-9A1E7A4F7556}") = "One1Lion.Shared", "One1Lion.Shared\One1Lion.Shared.csproj", "{EF69050B-DB33-49ED-AC1B-A327A2996704}"
EndProject
Project("{9A19103F-16F7-4668-BE54-9A1E7A4F7556}") = "One1Lion.SliderButton", "One1Lion.SliderButton\One1Lion.SliderButton.csproj", "{CEE787F4-777D-4064-9FF5-6152C1BDD207}"
EndProject
Project("{9A19103F-16F7-4668-BE54-9A1E7A4F7556}") = "One1Lion.Toaster", "One1Lion.Toaster\One1Lion.Toaster.csproj", "{B1EA0426-8154-4434-A2D9-927A45590A02}"
EndProject
Project("{9A19103F-16F7-4668-BE54-9A1E7A4F7556}") = "One1Lion.TypeAhead", "One1Lion.TypeAhead\One1Lion.TypeAhead.csproj", "{6577EA49-8A3E-4184-AD56-7AF4A0106F90}"
EndProject
Project("{9A19103F-16F7-4668-BE54-9A1E7A4F7556}") = "One1Lion.Samples", "One1Lion.Samples\One1Lion.Samples.csproj", "{9F79256C-C9F8-45BB-948E-5CA935AC5DD3}"
EndProject
Project("{9A19103F-16F7-4668-BE54-9A1E7A4F7556}") = "One1Lion.BlazorLib", "One1Lion.BlazorLib\One1Lion.BlazorLib.csproj", "{53461E88-5734-4036-985D-6BC913EAA3B4}"
EndProject
Project("{9A19103F-16F7-4668-BE54-9A1E7A4F7556}") = "One1Lion.FormsExtensions", "One1Lion.FormsExtensions\One1Lion.FormsExtensions.csproj", "{756A601F-76DB-4069-86C1-B16289F14690}"
EndProject
Project("{2150E333-8FDC-42A3-9474-1A3956D46DE8}") = "Samples", "Samples", "{57B9D575-2C2F-4FE2-B293-47CD4ECA2322}"
EndProject
Project("{2150E333-8FDC-42A3-9474-1A3956D46DE8}") = "src", "src", "{25870BCA-7084-44F6-8931-CFB67816C29C}"
EndProject
Project("{2150E333-8FDC-42A3-9474-1A3956D46DE8}") = "CameraView", "CameraView", "{B89D5E3A-1A12-4B07-9D45-E2AABBA4CF15}"
EndProject
Project("{2150E333-8FDC-42A3-9474-1A3956D46DE8}") = "Card", "Card", "{27B7FF98-4DCE-4015-A5F4-47B1199DDEE8}"
EndProject
Project("{2150E333-8FDC-42A3-9474-1A3956D46DE8}") = "ChartJs", "ChartJs", "{C5765C2A-9D76-450C-AA79-034DD218FEC0}"
EndProject
Project("{2150E333-8FDC-42A3-9474-1A3956D46DE8}") = "Dialog", "Dialog", "{967BA460-CC23-448A-A387-FA2905D8FF7B}"
EndProject
Project("{2150E333-8FDC-42A3-9474-1A3956D46DE8}") = "DockableToolbar", "DockableToolbar", "{70D95D77-D7DB-4DAA-940F-09C51BB49702}"
EndProject
Project("{2150E333-8FDC-42A3-9474-1A3956D46DE8}") = "DragAndDrop", "DragAndDrop", "{61EB9FDE-F6AB-4D5E-BF5F-A6BC3DEA1691}"
EndProject
Project("{2150E333-8FDC-42A3-9474-1A3956D46DE8}") = "FormsExtensions", "FormsExtensions", "{CE5F920A-C772-4DD3-8D78-7C015DCD3940}"
EndProject
Project("{2150E333-8FDC-42A3-9474-1A3956D46DE8}") = "Loader", "Loader", "{5BF5C9E6-4571-4350-B04E-6F7DBB881B38}"
EndProject
Project("{2150E333-8FDC-42A3-9474-1A3956D46DE8}") = "Pager", "Pager", "{EC3ED15C-30DE-4F4B-8EF5-E43371FB02CC}"
EndProject
Project("{2150E333-8FDC-42A3-9474-1A3956D46DE8}") = "SliderButton", "SliderButton", "{70C8E9FB-1BFC-409E-AF48-75ABCDE6B682}"
EndProject
Project("{2150E333-8FDC-42A3-9474-1A3956D46DE8}") = "Toaster", "Toaster", "{F5C72283-9BD3-43BB-BA2B-9082001EEA9A}"
EndProject
Project("{2150E333-8FDC-42A3-9474-1A3956D46DE8}") = "TypeAhead", "TypeAhead", "{13A8E9C6-CA09-4C61-AFB6-D119574F17E3}"
EndProject
Project("{9A19103F-16F7-4668-BE54-9A1E7A4F7556}") = "One1Lion.ChartJs", "One1Lion.ChartJs\One1Lion.ChartJs.csproj", "{3553D05A-0B16-41F9-B1D9-9BB038B13AA9}"
EndProject
Project("{9A19103F-16F7-4668-BE54-9A1E7A4F7556}") = "One1Lion.Pager", "One1Lion.Pager\One1Lion.Pager.csproj", "{3309A9EB-8742-409F-AB8D-2BCDE9EE23DB}"
EndProject
Project("{9A19103F-16F7-4668-BE54-9A1E7A4F7556}") = "One1Lion.ChartJs.Test", "One1Lion.ChartJs.Test\One1Lion.ChartJs.Test.csproj", "{80486CF5-E9AB-4F54-B24C-1921760531E1}"
EndProject
Project("{2150E333-8FDC-42A3-9474-1A3956D46DE8}") = "Carousel", "Carousel", "{5754B8B7-C384-49BC-822C-AB91D1588398}"
EndProject
Project("{9A19103F-16F7-4668-BE54-9A1E7A4F7556}") = "One1Lion.Carousel", "One1Lion.Carousel\One1Lion.Carousel.csproj", "{E15FAEC7-2B90-4EA5-AE25-6E9A69DDC58C}"
EndProject
Global
	GlobalSection(SolutionConfigurationPlatforms) = preSolution
		Debug|Any CPU = Debug|Any CPU
		Release|Any CPU = Release|Any CPU
	EndGlobalSection
	GlobalSection(ProjectConfigurationPlatforms) = postSolution
		{E1412B55-60FA-4AAE-8A8F-321F9DFF3D9F}.Debug|Any CPU.ActiveCfg = Debug|Any CPU
		{E1412B55-60FA-4AAE-8A8F-321F9DFF3D9F}.Debug|Any CPU.Build.0 = Debug|Any CPU
		{E1412B55-60FA-4AAE-8A8F-321F9DFF3D9F}.Release|Any CPU.ActiveCfg = Release|Any CPU
		{E1412B55-60FA-4AAE-8A8F-321F9DFF3D9F}.Release|Any CPU.Build.0 = Release|Any CPU
		{9151CFCF-18F9-4398-BD4E-ADE661B49C69}.Debug|Any CPU.ActiveCfg = Debug|Any CPU
		{9151CFCF-18F9-4398-BD4E-ADE661B49C69}.Debug|Any CPU.Build.0 = Debug|Any CPU
		{9151CFCF-18F9-4398-BD4E-ADE661B49C69}.Release|Any CPU.ActiveCfg = Release|Any CPU
		{9151CFCF-18F9-4398-BD4E-ADE661B49C69}.Release|Any CPU.Build.0 = Release|Any CPU
		{D31929AA-ED86-48E8-BE9E-3826AE82A22A}.Debug|Any CPU.ActiveCfg = Debug|Any CPU
		{D31929AA-ED86-48E8-BE9E-3826AE82A22A}.Debug|Any CPU.Build.0 = Debug|Any CPU
		{D31929AA-ED86-48E8-BE9E-3826AE82A22A}.Release|Any CPU.ActiveCfg = Release|Any CPU
		{D31929AA-ED86-48E8-BE9E-3826AE82A22A}.Release|Any CPU.Build.0 = Release|Any CPU
		{344D54FA-9FF9-4303-AAEC-6837429818D5}.Debug|Any CPU.ActiveCfg = Debug|Any CPU
		{344D54FA-9FF9-4303-AAEC-6837429818D5}.Debug|Any CPU.Build.0 = Debug|Any CPU
		{344D54FA-9FF9-4303-AAEC-6837429818D5}.Release|Any CPU.ActiveCfg = Release|Any CPU
		{344D54FA-9FF9-4303-AAEC-6837429818D5}.Release|Any CPU.Build.0 = Release|Any CPU
		{F07F451A-BA08-4728-96E7-36C64B61B793}.Debug|Any CPU.ActiveCfg = Debug|Any CPU
		{F07F451A-BA08-4728-96E7-36C64B61B793}.Debug|Any CPU.Build.0 = Debug|Any CPU
		{F07F451A-BA08-4728-96E7-36C64B61B793}.Release|Any CPU.ActiveCfg = Release|Any CPU
		{F07F451A-BA08-4728-96E7-36C64B61B793}.Release|Any CPU.Build.0 = Release|Any CPU
		{9D494733-1AFE-483B-BC4C-905FE4DEA397}.Debug|Any CPU.ActiveCfg = Debug|Any CPU
		{9D494733-1AFE-483B-BC4C-905FE4DEA397}.Debug|Any CPU.Build.0 = Debug|Any CPU
		{9D494733-1AFE-483B-BC4C-905FE4DEA397}.Release|Any CPU.ActiveCfg = Release|Any CPU
		{9D494733-1AFE-483B-BC4C-905FE4DEA397}.Release|Any CPU.Build.0 = Release|Any CPU
		{F3F842C6-AD3B-4F6B-9931-CCD4EC7868F2}.Debug|Any CPU.ActiveCfg = Debug|Any CPU
		{F3F842C6-AD3B-4F6B-9931-CCD4EC7868F2}.Debug|Any CPU.Build.0 = Debug|Any CPU
		{F3F842C6-AD3B-4F6B-9931-CCD4EC7868F2}.Release|Any CPU.ActiveCfg = Release|Any CPU
		{F3F842C6-AD3B-4F6B-9931-CCD4EC7868F2}.Release|Any CPU.Build.0 = Release|Any CPU
		{EF69050B-DB33-49ED-AC1B-A327A2996704}.Debug|Any CPU.ActiveCfg = Debug|Any CPU
		{EF69050B-DB33-49ED-AC1B-A327A2996704}.Debug|Any CPU.Build.0 = Debug|Any CPU
		{EF69050B-DB33-49ED-AC1B-A327A2996704}.Release|Any CPU.ActiveCfg = Release|Any CPU
		{EF69050B-DB33-49ED-AC1B-A327A2996704}.Release|Any CPU.Build.0 = Release|Any CPU
		{CEE787F4-777D-4064-9FF5-6152C1BDD207}.Debug|Any CPU.ActiveCfg = Debug|Any CPU
		{CEE787F4-777D-4064-9FF5-6152C1BDD207}.Debug|Any CPU.Build.0 = Debug|Any CPU
		{CEE787F4-777D-4064-9FF5-6152C1BDD207}.Release|Any CPU.ActiveCfg = Release|Any CPU
		{CEE787F4-777D-4064-9FF5-6152C1BDD207}.Release|Any CPU.Build.0 = Release|Any CPU
		{B1EA0426-8154-4434-A2D9-927A45590A02}.Debug|Any CPU.ActiveCfg = Debug|Any CPU
		{B1EA0426-8154-4434-A2D9-927A45590A02}.Debug|Any CPU.Build.0 = Debug|Any CPU
		{B1EA0426-8154-4434-A2D9-927A45590A02}.Release|Any CPU.ActiveCfg = Release|Any CPU
		{B1EA0426-8154-4434-A2D9-927A45590A02}.Release|Any CPU.Build.0 = Release|Any CPU
		{6577EA49-8A3E-4184-AD56-7AF4A0106F90}.Debug|Any CPU.ActiveCfg = Debug|Any CPU
		{6577EA49-8A3E-4184-AD56-7AF4A0106F90}.Debug|Any CPU.Build.0 = Debug|Any CPU
		{6577EA49-8A3E-4184-AD56-7AF4A0106F90}.Release|Any CPU.ActiveCfg = Release|Any CPU
		{6577EA49-8A3E-4184-AD56-7AF4A0106F90}.Release|Any CPU.Build.0 = Release|Any CPU
		{9F79256C-C9F8-45BB-948E-5CA935AC5DD3}.Debug|Any CPU.ActiveCfg = Debug|Any CPU
		{9F79256C-C9F8-45BB-948E-5CA935AC5DD3}.Debug|Any CPU.Build.0 = Debug|Any CPU
		{9F79256C-C9F8-45BB-948E-5CA935AC5DD3}.Release|Any CPU.ActiveCfg = Release|Any CPU
		{9F79256C-C9F8-45BB-948E-5CA935AC5DD3}.Release|Any CPU.Build.0 = Release|Any CPU
		{53461E88-5734-4036-985D-6BC913EAA3B4}.Debug|Any CPU.ActiveCfg = Debug|Any CPU
		{53461E88-5734-4036-985D-6BC913EAA3B4}.Debug|Any CPU.Build.0 = Debug|Any CPU
		{53461E88-5734-4036-985D-6BC913EAA3B4}.Release|Any CPU.ActiveCfg = Release|Any CPU
		{53461E88-5734-4036-985D-6BC913EAA3B4}.Release|Any CPU.Build.0 = Release|Any CPU
		{756A601F-76DB-4069-86C1-B16289F14690}.Debug|Any CPU.ActiveCfg = Debug|Any CPU
		{756A601F-76DB-4069-86C1-B16289F14690}.Debug|Any CPU.Build.0 = Debug|Any CPU
		{756A601F-76DB-4069-86C1-B16289F14690}.Release|Any CPU.ActiveCfg = Release|Any CPU
		{756A601F-76DB-4069-86C1-B16289F14690}.Release|Any CPU.Build.0 = Release|Any CPU
		{3553D05A-0B16-41F9-B1D9-9BB038B13AA9}.Debug|Any CPU.ActiveCfg = Debug|Any CPU
		{3553D05A-0B16-41F9-B1D9-9BB038B13AA9}.Debug|Any CPU.Build.0 = Debug|Any CPU
		{3553D05A-0B16-41F9-B1D9-9BB038B13AA9}.Release|Any CPU.ActiveCfg = Release|Any CPU
		{3553D05A-0B16-41F9-B1D9-9BB038B13AA9}.Release|Any CPU.Build.0 = Release|Any CPU
		{3309A9EB-8742-409F-AB8D-2BCDE9EE23DB}.Debug|Any CPU.ActiveCfg = Debug|Any CPU
		{3309A9EB-8742-409F-AB8D-2BCDE9EE23DB}.Debug|Any CPU.Build.0 = Debug|Any CPU
		{3309A9EB-8742-409F-AB8D-2BCDE9EE23DB}.Release|Any CPU.ActiveCfg = Release|Any CPU
		{3309A9EB-8742-409F-AB8D-2BCDE9EE23DB}.Release|Any CPU.Build.0 = Release|Any CPU
		{80486CF5-E9AB-4F54-B24C-1921760531E1}.Debug|Any CPU.ActiveCfg = Debug|Any CPU
		{80486CF5-E9AB-4F54-B24C-1921760531E1}.Debug|Any CPU.Build.0 = Debug|Any CPU
		{80486CF5-E9AB-4F54-B24C-1921760531E1}.Release|Any CPU.ActiveCfg = Release|Any CPU
		{80486CF5-E9AB-4F54-B24C-1921760531E1}.Release|Any CPU.Build.0 = Release|Any CPU
		{E15FAEC7-2B90-4EA5-AE25-6E9A69DDC58C}.Debug|Any CPU.ActiveCfg = Debug|Any CPU
		{E15FAEC7-2B90-4EA5-AE25-6E9A69DDC58C}.Debug|Any CPU.Build.0 = Debug|Any CPU
		{E15FAEC7-2B90-4EA5-AE25-6E9A69DDC58C}.Release|Any CPU.ActiveCfg = Release|Any CPU
		{E15FAEC7-2B90-4EA5-AE25-6E9A69DDC58C}.Release|Any CPU.Build.0 = Release|Any CPU
	EndGlobalSection
	GlobalSection(SolutionProperties) = preSolution
		HideSolutionNode = FALSE
	EndGlobalSection
	GlobalSection(NestedProjects) = preSolution
		{E1412B55-60FA-4AAE-8A8F-321F9DFF3D9F} = {57B9D575-2C2F-4FE2-B293-47CD4ECA2322}
		{9151CFCF-18F9-4398-BD4E-ADE661B49C69} = {B89D5E3A-1A12-4B07-9D45-E2AABBA4CF15}
		{D31929AA-ED86-48E8-BE9E-3826AE82A22A} = {27B7FF98-4DCE-4015-A5F4-47B1199DDEE8}
		{344D54FA-9FF9-4303-AAEC-6837429818D5} = {967BA460-CC23-448A-A387-FA2905D8FF7B}
		{F07F451A-BA08-4728-96E7-36C64B61B793} = {70D95D77-D7DB-4DAA-940F-09C51BB49702}
		{9D494733-1AFE-483B-BC4C-905FE4DEA397} = {61EB9FDE-F6AB-4D5E-BF5F-A6BC3DEA1691}
		{F3F842C6-AD3B-4F6B-9931-CCD4EC7868F2} = {5BF5C9E6-4571-4350-B04E-6F7DBB881B38}
		{CEE787F4-777D-4064-9FF5-6152C1BDD207} = {70C8E9FB-1BFC-409E-AF48-75ABCDE6B682}
		{B1EA0426-8154-4434-A2D9-927A45590A02} = {F5C72283-9BD3-43BB-BA2B-9082001EEA9A}
		{6577EA49-8A3E-4184-AD56-7AF4A0106F90} = {13A8E9C6-CA09-4C61-AFB6-D119574F17E3}
		{9F79256C-C9F8-45BB-948E-5CA935AC5DD3} = {57B9D575-2C2F-4FE2-B293-47CD4ECA2322}
		{756A601F-76DB-4069-86C1-B16289F14690} = {CE5F920A-C772-4DD3-8D78-7C015DCD3940}
		{B89D5E3A-1A12-4B07-9D45-E2AABBA4CF15} = {25870BCA-7084-44F6-8931-CFB67816C29C}
		{27B7FF98-4DCE-4015-A5F4-47B1199DDEE8} = {25870BCA-7084-44F6-8931-CFB67816C29C}
		{C5765C2A-9D76-450C-AA79-034DD218FEC0} = {25870BCA-7084-44F6-8931-CFB67816C29C}
		{967BA460-CC23-448A-A387-FA2905D8FF7B} = {25870BCA-7084-44F6-8931-CFB67816C29C}
		{70D95D77-D7DB-4DAA-940F-09C51BB49702} = {25870BCA-7084-44F6-8931-CFB67816C29C}
		{61EB9FDE-F6AB-4D5E-BF5F-A6BC3DEA1691} = {25870BCA-7084-44F6-8931-CFB67816C29C}
		{CE5F920A-C772-4DD3-8D78-7C015DCD3940} = {25870BCA-7084-44F6-8931-CFB67816C29C}
		{5BF5C9E6-4571-4350-B04E-6F7DBB881B38} = {25870BCA-7084-44F6-8931-CFB67816C29C}
		{EC3ED15C-30DE-4F4B-8EF5-E43371FB02CC} = {25870BCA-7084-44F6-8931-CFB67816C29C}
		{70C8E9FB-1BFC-409E-AF48-75ABCDE6B682} = {25870BCA-7084-44F6-8931-CFB67816C29C}
		{F5C72283-9BD3-43BB-BA2B-9082001EEA9A} = {25870BCA-7084-44F6-8931-CFB67816C29C}
		{13A8E9C6-CA09-4C61-AFB6-D119574F17E3} = {25870BCA-7084-44F6-8931-CFB67816C29C}
		{3553D05A-0B16-41F9-B1D9-9BB038B13AA9} = {C5765C2A-9D76-450C-AA79-034DD218FEC0}
		{3309A9EB-8742-409F-AB8D-2BCDE9EE23DB} = {EC3ED15C-30DE-4F4B-8EF5-E43371FB02CC}
		{80486CF5-E9AB-4F54-B24C-1921760531E1} = {C5765C2A-9D76-450C-AA79-034DD218FEC0}
		{5754B8B7-C384-49BC-822C-AB91D1588398} = {25870BCA-7084-44F6-8931-CFB67816C29C}
		{E15FAEC7-2B90-4EA5-AE25-6E9A69DDC58C} = {5754B8B7-C384-49BC-822C-AB91D1588398}
	EndGlobalSection
	GlobalSection(ExtensibilityGlobals) = postSolution
		SolutionGuid = {CB32B720-7896-4E98-A6F2-79957B2A10E6}
	EndGlobalSection
EndGlobal
